// !$*UTF8*$!
{
	archiveVersion = 1;
	classes = {
	};
	objectVersion = 60;
	objects = {

/* Begin PBXBuildFile section */
		C55156C52B4DA495004289F6 /* UIView+Extension.swift in Sources */ = {isa = PBXBuildFile; fileRef = C55156C42B4DA495004289F6 /* UIView+Extension.swift */; };
		C55156C82B4DAB48004289F6 /* ItemRow.swift in Sources */ = {isa = PBXBuildFile; fileRef = C55156C72B4DAB48004289F6 /* ItemRow.swift */; };
		C55156CA2B4DAB7C004289F6 /* CharacterDetailView.swift in Sources */ = {isa = PBXBuildFile; fileRef = C55156C92B4DAB7C004289F6 /* CharacterDetailView.swift */; };
		C55156D02B4DB2E4004289F6 /* Localizable.strings in Resources */ = {isa = PBXBuildFile; fileRef = C55156D22B4DB2E4004289F6 /* Localizable.strings */; };
		C55156D42B4DB357004289F6 /* String+Extension.swift in Sources */ = {isa = PBXBuildFile; fileRef = C55156D32B4DB357004289F6 /* String+Extension.swift */; };
		C55156D62B4DB3C6004289F6 /* LocaleKeys.swift in Sources */ = {isa = PBXBuildFile; fileRef = C55156D52B4DB3C6004289F6 /* LocaleKeys.swift */; };
		C55156D82B4DE082004289F6 /* graphql in Resources */ = {isa = PBXBuildFile; fileRef = C55156D72B4DE082004289F6 /* graphql */; };
		C55156DA2B4DE207004289F6 /* CharactersAPI in Resources */ = {isa = PBXBuildFile; fileRef = C55156D92B4DE207004289F6 /* CharactersAPI */; };
		C55156DD2B4DE219004289F6 /* CharactersAPI in Frameworks */ = {isa = PBXBuildFile; productRef = C55156DC2B4DE219004289F6 /* CharactersAPI */; };
		C55156E02B4E0C0A004289F6 /* CharacterDetailViewModel.swift in Sources */ = {isa = PBXBuildFile; fileRef = C55156DF2B4E0C0A004289F6 /* CharacterDetailViewModel.swift */; };
		C55156E22B4E0D52004289F6 /* CharacterDetailModel.swift in Sources */ = {isa = PBXBuildFile; fileRef = C55156E12B4E0D52004289F6 /* CharacterDetailModel.swift */; };
		C5A54BBF2B4D744D00566B28 /* Apollo in Frameworks */ = {isa = PBXBuildFile; productRef = C5A54BBE2B4D744D00566B28 /* Apollo */; };
		C5A54BCA2B4D771700566B28 /* Network.swift in Sources */ = {isa = PBXBuildFile; fileRef = C5A54BC92B4D771700566B28 /* Network.swift */; };
		C5A54BCF2B4D7A9B00566B28 /* CharacterView.swift in Sources */ = {isa = PBXBuildFile; fileRef = C5A54BCE2B4D7A9B00566B28 /* CharacterView.swift */; };
		C5A54BD12B4D7AAA00566B28 /* CharacterViewModel.swift in Sources */ = {isa = PBXBuildFile; fileRef = C5A54BD02B4D7AAA00566B28 /* CharacterViewModel.swift */; };
		C5A54BDB2B4D8BA400566B28 /* CharactersModel.swift in Sources */ = {isa = PBXBuildFile; fileRef = C5A54BDA2B4D8BA400566B28 /* CharactersModel.swift */; };
		C5B896072B4D726C00018EA8 /* swiftui_graphql_apolloApp.swift in Sources */ = {isa = PBXBuildFile; fileRef = C5B896062B4D726C00018EA8 /* swiftui_graphql_apolloApp.swift */; };
		C5B8960B2B4D726E00018EA8 /* Assets.xcassets in Resources */ = {isa = PBXBuildFile; fileRef = C5B8960A2B4D726E00018EA8 /* Assets.xcassets */; };
		C5B8960E2B4D726E00018EA8 /* Preview Assets.xcassets in Resources */ = {isa = PBXBuildFile; fileRef = C5B8960D2B4D726E00018EA8 /* Preview Assets.xcassets */; };
/* End PBXBuildFile section */

/* Begin PBXFileReference section */
		C55156C42B4DA495004289F6 /* UIView+Extension.swift */ = {isa = PBXFileReference; lastKnownFileType = sourcecode.swift; path = "UIView+Extension.swift"; sourceTree = "<group>"; };
		C55156C72B4DAB48004289F6 /* ItemRow.swift */ = {isa = PBXFileReference; lastKnownFileType = sourcecode.swift; path = ItemRow.swift; sourceTree = "<group>"; };
		C55156C92B4DAB7C004289F6 /* CharacterDetailView.swift */ = {isa = PBXFileReference; lastKnownFileType = sourcecode.swift; path = CharacterDetailView.swift; sourceTree = "<group>"; };
		C55156D12B4DB2E4004289F6 /* en */ = {isa = PBXFileReference; lastKnownFileType = text.plist.strings; name = en; path = en.lproj/Localizable.strings; sourceTree = "<group>"; };
		C55156D32B4DB357004289F6 /* String+Extension.swift */ = {isa = PBXFileReference; lastKnownFileType = sourcecode.swift; path = "String+Extension.swift"; sourceTree = "<group>"; };
		C55156D52B4DB3C6004289F6 /* LocaleKeys.swift */ = {isa = PBXFileReference; lastKnownFileType = sourcecode.swift; path = LocaleKeys.swift; sourceTree = "<group>"; };
		C55156D72B4DE082004289F6 /* graphql */ = {isa = PBXFileReference; lastKnownFileType = folder; path = graphql; sourceTree = "<group>"; };
		C55156D92B4DE207004289F6 /* CharactersAPI */ = {isa = PBXFileReference; lastKnownFileType = wrapper; path = CharactersAPI; sourceTree = "<group>"; };
		C55156DF2B4E0C0A004289F6 /* CharacterDetailViewModel.swift */ = {isa = PBXFileReference; lastKnownFileType = sourcecode.swift; path = CharacterDetailViewModel.swift; sourceTree = "<group>"; };
		C55156E12B4E0D52004289F6 /* CharacterDetailModel.swift */ = {isa = PBXFileReference; lastKnownFileType = sourcecode.swift; path = CharacterDetailModel.swift; sourceTree = "<group>"; };
		C5A54BC92B4D771700566B28 /* Network.swift */ = {isa = PBXFileReference; lastKnownFileType = sourcecode.swift; path = Network.swift; sourceTree = "<group>"; };
		C5A54BCE2B4D7A9B00566B28 /* CharacterView.swift */ = {isa = PBXFileReference; lastKnownFileType = sourcecode.swift; path = CharacterView.swift; sourceTree = "<group>"; };
		C5A54BD02B4D7AAA00566B28 /* CharacterViewModel.swift */ = {isa = PBXFileReference; lastKnownFileType = sourcecode.swift; path = CharacterViewModel.swift; sourceTree = "<group>"; };
		C5A54BDA2B4D8BA400566B28 /* CharactersModel.swift */ = {isa = PBXFileReference; lastKnownFileType = sourcecode.swift; path = CharactersModel.swift; sourceTree = "<group>"; };
		C5B896032B4D726C00018EA8 /* swiftui-graphql-apollo.app */ = {isa = PBXFileReference; explicitFileType = wrapper.application; includeInIndex = 0; path = "swiftui-graphql-apollo.app"; sourceTree = BUILT_PRODUCTS_DIR; };
		C5B896062B4D726C00018EA8 /* swiftui_graphql_apolloApp.swift */ = {isa = PBXFileReference; lastKnownFileType = sourcecode.swift; path = swiftui_graphql_apolloApp.swift; sourceTree = "<group>"; };
		C5B8960A2B4D726E00018EA8 /* Assets.xcassets */ = {isa = PBXFileReference; lastKnownFileType = folder.assetcatalog; path = Assets.xcassets; sourceTree = "<group>"; };
		C5B8960D2B4D726E00018EA8 /* Preview Assets.xcassets */ = {isa = PBXFileReference; lastKnownFileType = folder.assetcatalog; path = "Preview Assets.xcassets"; sourceTree = "<group>"; };
/* End PBXFileReference section */

/* Begin PBXFrameworksBuildPhase section */
		C5B896002B4D726C00018EA8 /* Frameworks */ = {
			isa = PBXFrameworksBuildPhase;
			buildActionMask = 2147483647;
			files = (
				C55156DD2B4DE219004289F6 /* CharactersAPI in Frameworks */,
				C5A54BBF2B4D744D00566B28 /* Apollo in Frameworks */,
			);
			runOnlyForDeploymentPostprocessing = 0;
		};
/* End PBXFrameworksBuildPhase section */

/* Begin PBXGroup section */
		C55156C62B4DAB3B004289F6 /* Components */ = {
			isa = PBXGroup;
			children = (
				C55156C72B4DAB48004289F6 /* ItemRow.swift */,
			);
			path = Components;
			sourceTree = "<group>";
		};
		C55156CB2B4DB066004289F6 /* Extension */ = {
			isa = PBXGroup;
			children = (
				C55156C42B4DA495004289F6 /* UIView+Extension.swift */,
				C55156D32B4DB357004289F6 /* String+Extension.swift */,
			);
			path = Extension;
			sourceTree = "<group>";
		};
		C55156CC2B4DB076004289F6 /* Infrastructure */ = {
			isa = PBXGroup;
			children = (
				C55156CD2B4DB2BD004289F6 /* Resources */,
				C5B896062B4D726C00018EA8 /* swiftui_graphql_apolloApp.swift */,
				C5B8960A2B4D726E00018EA8 /* Assets.xcassets */,
			);
			path = Infrastructure;
			sourceTree = "<group>";
		};
		C55156CD2B4DB2BD004289F6 /* Resources */ = {
			isa = PBXGroup;
			children = (
				C55156D22B4DB2E4004289F6 /* Localizable.strings */,
				C55156D52B4DB3C6004289F6 /* LocaleKeys.swift */,
			);
			path = Resources;
			sourceTree = "<group>";
		};
		C55156DE2B4E0BC2004289F6 /* CharacterDetailView */ = {
			isa = PBXGroup;
			children = (
				C55156C92B4DAB7C004289F6 /* CharacterDetailView.swift */,
				C55156DF2B4E0C0A004289F6 /* CharacterDetailViewModel.swift */,
				C55156E12B4E0D52004289F6 /* CharacterDetailModel.swift */,
			);
			path = CharacterDetailView;
			sourceTree = "<group>";
		};
		C5A54BC72B4D76B200566B28 /* Frameworks */ = {
			isa = PBXGroup;
			children = (
			);
			name = Frameworks;
			sourceTree = "<group>";
		};
		C5A54BC82B4D770D00566B28 /* Network */ = {
			isa = PBXGroup;
			children = (
				C5A54BC92B4D771700566B28 /* Network.swift */,
			);
			path = Network;
			sourceTree = "<group>";
		};
		C5A54BCB2B4D7A6500566B28 /* Scene */ = {
			isa = PBXGroup;
			children = (
				C55156DE2B4E0BC2004289F6 /* CharacterDetailView */,
				C5A54BCD2B4D7A8600566B28 /* CharacterList */,
			);
			path = Scene;
			sourceTree = "<group>";
		};
		C5A54BCD2B4D7A8600566B28 /* CharacterList */ = {
			isa = PBXGroup;
			children = (
				C5A54BCE2B4D7A9B00566B28 /* CharacterView.swift */,
				C5A54BD02B4D7AAA00566B28 /* CharacterViewModel.swift */,
				C5A54BDA2B4D8BA400566B28 /* CharactersModel.swift */,
			);
			path = CharacterList;
			sourceTree = "<group>";
		};
		C5B895FA2B4D726C00018EA8 = {
			isa = PBXGroup;
			children = (
				C55156D92B4DE207004289F6 /* CharactersAPI */,
				C55156D72B4DE082004289F6 /* graphql */,
				C5B896052B4D726C00018EA8 /* swiftui-graphql-apollo */,
				C5B896042B4D726C00018EA8 /* Products */,
				C5A54BC72B4D76B200566B28 /* Frameworks */,
			);
			sourceTree = "<group>";
		};
		C5B896042B4D726C00018EA8 /* Products */ = {
			isa = PBXGroup;
			children = (
				C5B896032B4D726C00018EA8 /* swiftui-graphql-apollo.app */,
			);
			name = Products;
			sourceTree = "<group>";
		};
		C5B896052B4D726C00018EA8 /* swiftui-graphql-apollo */ = {
			isa = PBXGroup;
			children = (
				C5A54BC82B4D770D00566B28 /* Network */,
				C55156C62B4DAB3B004289F6 /* Components */,
				C55156CC2B4DB076004289F6 /* Infrastructure */,
				C5A54BCB2B4D7A6500566B28 /* Scene */,
				C5B8960C2B4D726E00018EA8 /* Preview Content */,
				C55156CB2B4DB066004289F6 /* Extension */,
			);
			path = "swiftui-graphql-apollo";
			sourceTree = "<group>";
		};
		C5B8960C2B4D726E00018EA8 /* Preview Content */ = {
			isa = PBXGroup;
			children = (
				C5B8960D2B4D726E00018EA8 /* Preview Assets.xcassets */,
			);
			path = "Preview Content";
			sourceTree = "<group>";
		};
/* End PBXGroup section */

/* Begin PBXNativeTarget section */
		C5B896022B4D726C00018EA8 /* swiftui-graphql-apollo */ = {
			isa = PBXNativeTarget;
			buildConfigurationList = C5B896112B4D726E00018EA8 /* Build configuration list for PBXNativeTarget "swiftui-graphql-apollo" */;
			buildPhases = (
				C5B895FF2B4D726C00018EA8 /* Sources */,
				C5B896002B4D726C00018EA8 /* Frameworks */,
				C5B896012B4D726C00018EA8 /* Resources */,
			);
			buildRules = (
			);
			dependencies = (
			);
			name = "swiftui-graphql-apollo";
			packageProductDependencies = (
				C5A54BBE2B4D744D00566B28 /* Apollo */,
				C55156DC2B4DE219004289F6 /* CharactersAPI */,
			);
			productName = "swiftui-graphql-apollo";
			productReference = C5B896032B4D726C00018EA8 /* swiftui-graphql-apollo.app */;
			productType = "com.apple.product-type.application";
		};
/* End PBXNativeTarget section */

/* Begin PBXProject section */
		C5B895FB2B4D726C00018EA8 /* Project object */ = {
			isa = PBXProject;
			attributes = {
				BuildIndependentTargetsInParallel = 1;
				LastSwiftUpdateCheck = 1510;
				LastUpgradeCheck = 1510;
				TargetAttributes = {
					C5B896022B4D726C00018EA8 = {
						CreatedOnToolsVersion = 15.1;
					};
				};
			};
			buildConfigurationList = C5B895FE2B4D726C00018EA8 /* Build configuration list for PBXProject "swiftui-graphql-apollo" */;
			compatibilityVersion = "Xcode 14.0";
			developmentRegion = en;
			hasScannedForEncodings = 0;
			knownRegions = (
				en,
				Base,
			);
			mainGroup = C5B895FA2B4D726C00018EA8;
			packageReferences = (
				C5A54BBD2B4D744D00566B28 /* XCRemoteSwiftPackageReference "apollo-ios" */,
				C55156DB2B4DE219004289F6 /* XCLocalSwiftPackageReference "CharactersAPI" */,
			);
			productRefGroup = C5B896042B4D726C00018EA8 /* Products */;
			projectDirPath = "";
			projectRoot = "";
			targets = (
				C5B896022B4D726C00018EA8 /* swiftui-graphql-apollo */,
			);
		};
/* End PBXProject section */

/* Begin PBXResourcesBuildPhase section */
		C5B896012B4D726C00018EA8 /* Resources */ = {
			isa = PBXResourcesBuildPhase;
			buildActionMask = 2147483647;
			files = (
				C55156D02B4DB2E4004289F6 /* Localizable.strings in Resources */,
				C5B8960E2B4D726E00018EA8 /* Preview Assets.xcassets in Resources */,
				C55156DA2B4DE207004289F6 /* CharactersAPI in Resources */,
				C55156D82B4DE082004289F6 /* graphql in Resources */,
				C5B8960B2B4D726E00018EA8 /* Assets.xcassets in Resources */,
			);
			runOnlyForDeploymentPostprocessing = 0;
		};
/* End PBXResourcesBuildPhase section */

/* Begin PBXSourcesBuildPhase section */
		C5B895FF2B4D726C00018EA8 /* Sources */ = {
			isa = PBXSourcesBuildPhase;
			buildActionMask = 2147483647;
			files = (
				C55156C52B4DA495004289F6 /* UIView+Extension.swift in Sources */,
				C55156D42B4DB357004289F6 /* String+Extension.swift in Sources */,
				C5A54BCF2B4D7A9B00566B28 /* CharacterView.swift in Sources */,
				C5B896072B4D726C00018EA8 /* swiftui_graphql_apolloApp.swift in Sources */,
				C5A54BD12B4D7AAA00566B28 /* CharacterViewModel.swift in Sources */,
				C5A54BCA2B4D771700566B28 /* Network.swift in Sources */,
				C55156E02B4E0C0A004289F6 /* CharacterDetailViewModel.swift in Sources */,
				C55156C82B4DAB48004289F6 /* ItemRow.swift in Sources */,
				C5A54BDB2B4D8BA400566B28 /* CharactersModel.swift in Sources */,
				C55156CA2B4DAB7C004289F6 /* CharacterDetailView.swift in Sources */,
				C55156E22B4E0D52004289F6 /* CharacterDetailModel.swift in Sources */,
				C55156D62B4DB3C6004289F6 /* LocaleKeys.swift in Sources */,
			);
			runOnlyForDeploymentPostprocessing = 0;
		};
/* End PBXSourcesBuildPhase section */

/* Begin PBXVariantGroup section */
		C55156D22B4DB2E4004289F6 /* Localizable.strings */ = {
			isa = PBXVariantGroup;
			children = (
				C55156D12B4DB2E4004289F6 /* en */,
			);
			name = Localizable.strings;
			sourceTree = "<group>";
		};
/* End PBXVariantGroup section */

/* Begin XCBuildConfiguration section */
		C5B8960F2B4D726E00018EA8 /* Debug */ = {
			isa = XCBuildConfiguration;
			buildSettings = {
				ALWAYS_SEARCH_USER_PATHS = NO;
				ASSETCATALOG_COMPILER_GENERATE_SWIFT_ASSET_SYMBOL_EXTENSIONS = YES;
				CLANG_ANALYZER_NONNULL = YES;
				CLANG_ANALYZER_NUMBER_OBJECT_CONVERSION = YES_AGGRESSIVE;
				CLANG_CXX_LANGUAGE_STANDARD = "gnu++20";
				CLANG_ENABLE_MODULES = YES;
				CLANG_ENABLE_OBJC_ARC = YES;
				CLANG_ENABLE_OBJC_WEAK = YES;
				CLANG_WARN_BLOCK_CAPTURE_AUTORELEASING = YES;
				CLANG_WARN_BOOL_CONVERSION = YES;
				CLANG_WARN_COMMA = YES;
				CLANG_WARN_CONSTANT_CONVERSION = YES;
				CLANG_WARN_DEPRECATED_OBJC_IMPLEMENTATIONS = YES;
				CLANG_WARN_DIRECT_OBJC_ISA_USAGE = YES_ERROR;
				CLANG_WARN_DOCUMENTATION_COMMENTS = YES;
				CLANG_WARN_EMPTY_BODY = YES;
				CLANG_WARN_ENUM_CONVERSION = YES;
				CLANG_WARN_INFINITE_RECURSION = YES;
				CLANG_WARN_INT_CONVERSION = YES;
				CLANG_WARN_NON_LITERAL_NULL_CONVERSION = YES;
				CLANG_WARN_OBJC_IMPLICIT_RETAIN_SELF = YES;
				CLANG_WARN_OBJC_LITERAL_CONVERSION = YES;
				CLANG_WARN_OBJC_ROOT_CLASS = YES_ERROR;
				CLANG_WARN_QUOTED_INCLUDE_IN_FRAMEWORK_HEADER = YES;
				CLANG_WARN_RANGE_LOOP_ANALYSIS = YES;
				CLANG_WARN_STRICT_PROTOTYPES = YES;
				CLANG_WARN_SUSPICIOUS_MOVE = YES;
				CLANG_WARN_UNGUARDED_AVAILABILITY = YES_AGGRESSIVE;
				CLANG_WARN_UNREACHABLE_CODE = YES;
				CLANG_WARN__DUPLICATE_METHOD_MATCH = YES;
				COPY_PHASE_STRIP = NO;
				DEBUG_INFORMATION_FORMAT = dwarf;
				ENABLE_STRICT_OBJC_MSGSEND = YES;
				ENABLE_TESTABILITY = YES;
				ENABLE_USER_SCRIPT_SANDBOXING = YES;
				GCC_C_LANGUAGE_STANDARD = gnu17;
				GCC_DYNAMIC_NO_PIC = NO;
				GCC_NO_COMMON_BLOCKS = YES;
				GCC_OPTIMIZATION_LEVEL = 0;
				GCC_PREPROCESSOR_DEFINITIONS = (
					"DEBUG=1",
					"$(inherited)",
				);
				GCC_WARN_64_TO_32_BIT_CONVERSION = YES;
				GCC_WARN_ABOUT_RETURN_TYPE = YES_ERROR;
				GCC_WARN_UNDECLARED_SELECTOR = YES;
				GCC_WARN_UNINITIALIZED_AUTOS = YES_AGGRESSIVE;
				GCC_WARN_UNUSED_FUNCTION = YES;
				GCC_WARN_UNUSED_VARIABLE = YES;
				IPHONEOS_DEPLOYMENT_TARGET = 16.0;
				LOCALIZATION_PREFERS_STRING_CATALOGS = YES;
				MTL_ENABLE_DEBUG_INFO = INCLUDE_SOURCE;
				MTL_FAST_MATH = YES;
				ONLY_ACTIVE_ARCH = YES;
				SDKROOT = iphoneos;
				SWIFT_ACTIVE_COMPILATION_CONDITIONS = "DEBUG $(inherited)";
				SWIFT_OPTIMIZATION_LEVEL = "-Onone";
			};
			name = Debug;
		};
		C5B896102B4D726E00018EA8 /* Release */ = {
			isa = XCBuildConfiguration;
			buildSettings = {
				ALWAYS_SEARCH_USER_PATHS = NO;
				ASSETCATALOG_COMPILER_GENERATE_SWIFT_ASSET_SYMBOL_EXTENSIONS = YES;
				CLANG_ANALYZER_NONNULL = YES;
				CLANG_ANALYZER_NUMBER_OBJECT_CONVERSION = YES_AGGRESSIVE;
				CLANG_CXX_LANGUAGE_STANDARD = "gnu++20";
				CLANG_ENABLE_MODULES = YES;
				CLANG_ENABLE_OBJC_ARC = YES;
				CLANG_ENABLE_OBJC_WEAK = YES;
				CLANG_WARN_BLOCK_CAPTURE_AUTORELEASING = YES;
				CLANG_WARN_BOOL_CONVERSION = YES;
				CLANG_WARN_COMMA = YES;
				CLANG_WARN_CONSTANT_CONVERSION = YES;
				CLANG_WARN_DEPRECATED_OBJC_IMPLEMENTATIONS = YES;
				CLANG_WARN_DIRECT_OBJC_ISA_USAGE = YES_ERROR;
				CLANG_WARN_DOCUMENTATION_COMMENTS = YES;
				CLANG_WARN_EMPTY_BODY = YES;
				CLANG_WARN_ENUM_CONVERSION = YES;
				CLANG_WARN_INFINITE_RECURSION = YES;
				CLANG_WARN_INT_CONVERSION = YES;
				CLANG_WARN_NON_LITERAL_NULL_CONVERSION = YES;
				CLANG_WARN_OBJC_IMPLICIT_RETAIN_SELF = YES;
				CLANG_WARN_OBJC_LITERAL_CONVERSION = YES;
				CLANG_WARN_OBJC_ROOT_CLASS = YES_ERROR;
				CLANG_WARN_QUOTED_INCLUDE_IN_FRAMEWORK_HEADER = YES;
				CLANG_WARN_RANGE_LOOP_ANALYSIS = YES;
				CLANG_WARN_STRICT_PROTOTYPES = YES;
				CLANG_WARN_SUSPICIOUS_MOVE = YES;
				CLANG_WARN_UNGUARDED_AVAILABILITY = YES_AGGRESSIVE;
				CLANG_WARN_UNREACHABLE_CODE = YES;
				CLANG_WARN__DUPLICATE_METHOD_MATCH = YES;
				COPY_PHASE_STRIP = NO;
				DEBUG_INFORMATION_FORMAT = "dwarf-with-dsym";
				ENABLE_NS_ASSERTIONS = NO;
				ENABLE_STRICT_OBJC_MSGSEND = YES;
				ENABLE_USER_SCRIPT_SANDBOXING = YES;
				GCC_C_LANGUAGE_STANDARD = gnu17;
				GCC_NO_COMMON_BLOCKS = YES;
				GCC_WARN_64_TO_32_BIT_CONVERSION = YES;
				GCC_WARN_ABOUT_RETURN_TYPE = YES_ERROR;
				GCC_WARN_UNDECLARED_SELECTOR = YES;
				GCC_WARN_UNINITIALIZED_AUTOS = YES_AGGRESSIVE;
				GCC_WARN_UNUSED_FUNCTION = YES;
				GCC_WARN_UNUSED_VARIABLE = YES;
				IPHONEOS_DEPLOYMENT_TARGET = 16.0;
				LOCALIZATION_PREFERS_STRING_CATALOGS = YES;
				MTL_ENABLE_DEBUG_INFO = NO;
				MTL_FAST_MATH = YES;
				SDKROOT = iphoneos;
				SWIFT_COMPILATION_MODE = wholemodule;
				VALIDATE_PRODUCT = YES;
			};
			name = Release;
		};
		C5B896122B4D726E00018EA8 /* Debug */ = {
			isa = XCBuildConfiguration;
			buildSettings = {
				ASSETCATALOG_COMPILER_APPICON_NAME = AppIcon;
				ASSETCATALOG_COMPILER_GLOBAL_ACCENT_COLOR_NAME = AccentColor;
				CODE_SIGN_STYLE = Automatic;
				CURRENT_PROJECT_VERSION = 1;
				DEVELOPMENT_ASSET_PATHS = "\"swiftui-graphql-apollo/Preview Content\"";
				DEVELOPMENT_TEAM = 5QYSPM6K5Z;
				ENABLE_PREVIEWS = YES;
				GENERATE_INFOPLIST_FILE = YES;
				INFOPLIST_KEY_UIApplicationSceneManifest_Generation = YES;
				INFOPLIST_KEY_UIApplicationSupportsIndirectInputEvents = YES;
				INFOPLIST_KEY_UILaunchScreen_Generation = YES;
				INFOPLIST_KEY_UISupportedInterfaceOrientations_iPad = "UIInterfaceOrientationPortrait UIInterfaceOrientationPortraitUpsideDown UIInterfaceOrientationLandscapeLeft UIInterfaceOrientationLandscapeRight";
				INFOPLIST_KEY_UISupportedInterfaceOrientations_iPhone = "UIInterfaceOrientationPortrait UIInterfaceOrientationLandscapeLeft UIInterfaceOrientationLandscapeRight";
				LD_RUNPATH_SEARCH_PATHS = (
					"$(inherited)",
					"@executable_path/Frameworks",
				);
				MARKETING_VERSION = 1.0;
				PRODUCT_BUNDLE_IDENTIFIER = "swiftuiApp.swiftui-graphql-apollo";
				PRODUCT_NAME = "$(TARGET_NAME)";
				SWIFT_EMIT_LOC_STRINGS = YES;
				SWIFT_VERSION = 5.0;
				TARGETED_DEVICE_FAMILY = "1,2";
			};
			name = Debug;
		};
		C5B896132B4D726E00018EA8 /* Release */ = {
			isa = XCBuildConfiguration;
			buildSettings = {
				ASSETCATALOG_COMPILER_APPICON_NAME = AppIcon;
				ASSETCATALOG_COMPILER_GLOBAL_ACCENT_COLOR_NAME = AccentColor;
				CODE_SIGN_STYLE = Automatic;
				CURRENT_PROJECT_VERSION = 1;
				DEVELOPMENT_ASSET_PATHS = "\"swiftui-graphql-apollo/Preview Content\"";
				DEVELOPMENT_TEAM = 5QYSPM6K5Z;
				ENABLE_PREVIEWS = YES;
				GENERATE_INFOPLIST_FILE = YES;
				INFOPLIST_KEY_UIApplicationSceneManifest_Generation = YES;
				INFOPLIST_KEY_UIApplicationSupportsIndirectInputEvents = YES;
				INFOPLIST_KEY_UILaunchScreen_Generation = YES;
				INFOPLIST_KEY_UISupportedInterfaceOrientations_iPad = "UIInterfaceOrientationPortrait UIInterfaceOrientationPortraitUpsideDown UIInterfaceOrientationLandscapeLeft UIInterfaceOrientationLandscapeRight";
				INFOPLIST_KEY_UISupportedInterfaceOrientations_iPhone = "UIInterfaceOrientationPortrait UIInterfaceOrientationLandscapeLeft UIInterfaceOrientationLandscapeRight";
				LD_RUNPATH_SEARCH_PATHS = (
					"$(inherited)",
					"@executable_path/Frameworks",
				);
				MARKETING_VERSION = 1.0;
				PRODUCT_BUNDLE_IDENTIFIER = "swiftuiApp.swiftui-graphql-apollo";
				PRODUCT_NAME = "$(TARGET_NAME)";
				SWIFT_EMIT_LOC_STRINGS = YES;
				SWIFT_VERSION = 5.0;
				TARGETED_DEVICE_FAMILY = "1,2";
			};
			name = Release;
		};
/* End XCBuildConfiguration section */

/* Begin XCConfigurationList section */
		C5B895FE2B4D726C00018EA8 /* Build configuration list for PBXProject "swiftui-graphql-apollo" */ = {
			isa = XCConfigurationList;
			buildConfigurations = (
				C5B8960F2B4D726E00018EA8 /* Debug */,
				C5B896102B4D726E00018EA8 /* Release */,
			);
			defaultConfigurationIsVisible = 0;
			defaultConfigurationName = Release;
		};
		C5B896112B4D726E00018EA8 /* Build configuration list for PBXNativeTarget "swiftui-graphql-apollo" */ = {
			isa = XCConfigurationList;
			buildConfigurations = (
				C5B896122B4D726E00018EA8 /* Debug */,
				C5B896132B4D726E00018EA8 /* Release */,
			);
			defaultConfigurationIsVisible = 0;
			defaultConfigurationName = Release;
		};
/* End XCConfigurationList section */

/* Begin XCLocalSwiftPackageReference section */
		C55156DB2B4DE219004289F6 /* XCLocalSwiftPackageReference "CharactersAPI" */ = {
			isa = XCLocalSwiftPackageReference;
			relativePath = CharactersAPI;
		};
/* End XCLocalSwiftPackageReference section */

/* Begin XCRemoteSwiftPackageReference section */
		C5A54BBD2B4D744D00566B28 /* XCRemoteSwiftPackageReference "apollo-ios" */ = {
			isa = XCRemoteSwiftPackageReference;
			repositoryURL = "https://github.com/apollographql/apollo-ios.git";
			requirement = {
				kind = upToNextMajorVersion;
				minimumVersion = 1.7.1;
			};
		};
/* End XCRemoteSwiftPackageReference section */

/* Begin XCSwiftPackageProductDependency section */
		C55156DC2B4DE219004289F6 /* CharactersAPI */ = {
			isa = XCSwiftPackageProductDependency;
			productName = CharactersAPI;
		};
		C5A54BBE2B4D744D00566B28 /* Apollo */ = {
			isa = XCSwiftPackageProductDependency;
			package = C5A54BBD2B4D744D00566B28 /* XCRemoteSwiftPackageReference "apollo-ios" */;
			productName = Apollo;
		};
/* End XCSwiftPackageProductDependency section */
	};
	rootObject = C5B895FB2B4D726C00018EA8 /* Project object */;
}
